Microsoft Visual Studio Solution File, Format Version 11.00
# Visual Studio 2010
Project("{FAE04EC0-301F-11D3-BF4B-00C04F79EFBC}") = "HMMBasedGestureRecognition", "HMMBasedGestureRecognition.csproj", "{F04D5438-2904-45FF-960B-10E1989CF573}"
EndProject
Project("{FAE04EC0-301F-11D3-BF4B-00C04F79EFBC}") = "Accord.Core", "Externals\Accord.NET\Accord.Core\Accord.Core.csproj", "{A177A90C-8207-466A-AF70-F2B8452A42AC}"
EndProject
Project("{FAE04EC0-301F-11D3-BF4B-00C04F79EFBC}") = "Accord.Math", "Externals\Accord.NET\Accord.Math\Accord.Math.csproj", "{F718E9A8-DB62-4785-8C49-4333A60D256A}"
EndProject
Project("{FAE04EC0-301F-11D3-BF4B-00C04F79EFBC}") = "Accord.Statistics", "Externals\Accord.NET\Accord.Statistics\Accord.Statistics.csproj", "{FD8101DD-C95D-42D6-AD44-AE01C25F2811}"
EndProject
Global
	GlobalSection(SolutionConfigurationPlatforms) = preSolution
		Debug|Any CPU = Debug|Any CPU
		Debug|Mixed Platforms = Debug|Mixed Platforms
		Debug|Win32 = Debug|Win32
		Debug|x86 = Debug|x86
		Release 3.5|Any CPU = Release 3.5|Any CPU
		Release 3.5|Mixed Platforms = Release 3.5|Mixed Platforms
		Release 3.5|Win32 = Release 3.5|Win32
		Release 3.5|x86 = Release 3.5|x86
		Release|Any CPU = Release|Any CPU
		Release|Mixed Platforms = Release|Mixed Platforms
		Release|Win32 = Release|Win32
		Release|x86 = Release|x86
	EndGlobalSection
	GlobalSection(ProjectConfigurationPlatforms) = postSolution
		{F04D5438-2904-45FF-960B-10E1989CF573}.Debug|Any CPU.ActiveCfg = Debug|Any CPU
		{F04D5438-2904-45FF-960B-10E1989CF573}.Debug|Any CPU.Build.0 = Debug|Any CPU
		{F04D5438-2904-45FF-960B-10E1989CF573}.Debug|Mixed Platforms.ActiveCfg = Debug|Any CPU
		{F04D5438-2904-45FF-960B-10E1989CF573}.Debug|Mixed Platforms.Build.0 = Debug|Any CPU
		{F04D5438-2904-45FF-960B-10E1989CF573}.Debug|Win32.ActiveCfg = Debug|Any CPU
		{F04D5438-2904-45FF-960B-10E1989CF573}.Debug|x86.ActiveCfg = Debug|Any CPU
		{F04D5438-2904-45FF-960B-10E1989CF573}.Release 3.5|Any CPU.ActiveCfg = Release|Any CPU
		{F04D5438-2904-45FF-960B-10E1989CF573}.Release 3.5|Any CPU.Build.0 = Release|Any CPU
		{F04D5438-2904-45FF-960B-10E1989CF573}.Release 3.5|Mixed Platforms.ActiveCfg = Release|Any CPU
		{F04D5438-2904-45FF-960B-10E1989CF573}.Release 3.5|Mixed Platforms.Build.0 = Release|Any CPU
		{F04D5438-2904-45FF-960B-10E1989CF573}.Release 3.5|Win32.ActiveCfg = Release|Any CPU
		{F04D5438-2904-45FF-960B-10E1989CF573}.Release 3.5|x86.ActiveCfg = Release|Any CPU
		{F04D5438-2904-45FF-960B-10E1989CF573}.Release|Any CPU.ActiveCfg = Release|Any CPU
		{F04D5438-2904-45FF-960B-10E1989CF573}.Release|Any CPU.Build.0 = Release|Any CPU
		{F04D5438-2904-45FF-960B-10E1989CF573}.Release|Mixed Platforms.ActiveCfg = Release|Any CPU
		{F04D5438-2904-45FF-960B-10E1989CF573}.Release|Mixed Platforms.Build.0 = Release|Any CPU
		{F04D5438-2904-45FF-960B-10E1989CF573}.Release|Win32.ActiveCfg = Release|Any CPU
		{F04D5438-2904-45FF-960B-10E1989CF573}.Release|x86.ActiveCfg = Release|Any CPU
		{A177A90C-8207-466A-AF70-F2B8452A42AC}.Debug|Any CPU.ActiveCfg = Debug|Any CPU
		{A177A90C-8207-466A-AF70-F2B8452A42AC}.Debug|Any CPU.Build.0 = Debug|Any CPU
		{A177A90C-8207-466A-AF70-F2B8452A42AC}.Debug|Mixed Platforms.ActiveCfg = Debug|Any CPU
		{A177A90C-8207-466A-AF70-F2B8452A42AC}.Debug|Mixed Platforms.Build.0 = Debug|Any CPU
		{A177A90C-8207-466A-AF70-F2B8452A42AC}.Debug|Win32.ActiveCfg = Debug|Any CPU
		{A177A90C-8207-466A-AF70-F2B8452A42AC}.Debug|x86.ActiveCfg = Debug|Any CPU
		{A177A90C-8207-466A-AF70-F2B8452A42AC}.Release 3.5|Any CPU.ActiveCfg = Release 3.5|Any CPU
		{A177A90C-8207-466A-AF70-F2B8452A42AC}.Release 3.5|Any CPU.Build.0 = Release 3.5|Any CPU
		{A177A90C-8207-466A-AF70-F2B8452A42AC}.Release 3.5|Mixed Platforms.ActiveCfg = Release 3.5|Any CPU
		{A177A90C-8207-466A-AF70-F2B8452A42AC}.Release 3.5|Mixed Platforms.Build.0 = Release 3.5|Any CPU
		{A177A90C-8207-466A-AF70-F2B8452A42AC}.Release 3.5|Win32.ActiveCfg = Release 3.5|Any CPU
		{A177A90C-8207-466A-AF70-F2B8452A42AC}.Release 3.5|x86.ActiveCfg = Release 3.5|Any CPU
		{A177A90C-8207-466A-AF70-F2B8452A42AC}.Release|Any CPU.ActiveCfg = Release|Any CPU
		{A177A90C-8207-466A-AF70-F2B8452A42AC}.Release|Any CPU.Build.0 = Release|Any CPU
		{A177A90C-8207-466A-AF70-F2B8452A42AC}.Release|Mixed Platforms.ActiveCfg = Release|Any CPU
		{A177A90C-8207-466A-AF70-F2B8452A42AC}.Release|Mixed Platforms.Build.0 = Release|Any CPU
		{A177A90C-8207-466A-AF70-F2B8452A42AC}.Release|Win32.ActiveCfg = Release|Any CPU
		{A177A90C-8207-466A-AF70-F2B8452A42AC}.Release|x86.ActiveCfg = Release|Any CPU
		{F718E9A8-DB62-4785-8C49-4333A60D256A}.Debug|Any CPU.ActiveCfg = Debug|Any CPU
		{F718E9A8-DB62-4785-8C49-4333A60D256A}.Debug|Any CPU.Build.0 = Debug|Any CPU
		{F718E9A8-DB62-4785-8C49-4333A60D256A}.Debug|Mixed Platforms.ActiveCfg = Debug|Any CPU
		{F718E9A8-DB62-4785-8C49-4333A60D256A}.Debug|Mixed Platforms.Build.0 = Debug|Any CPU
		{F718E9A8-DB62-4785-8C49-4333A60D256A}.Debug|Win32.ActiveCfg = Debug|Any CPU
		{F718E9A8-DB62-4785-8C49-4333A60D256A}.Debug|x86.ActiveCfg = Debug|Any CPU
		{F718E9A8-DB62-4785-8C49-4333A60D256A}.Release 3.5|Any CPU.ActiveCfg = Release 3.5|Any CPU
		{F718E9A8-DB62-4785-8C49-4333A60D256A}.Release 3.5|Any CPU.Build.0 = Release 3.5|Any CPU
		{F718E9A8-DB62-4785-8C49-4333A60D256A}.Release 3.5|Mixed Platforms.ActiveCfg = Release 3.5|Any CPU
		{F718E9A8-DB62-4785-8C49-4333A60D256A}.Release 3.5|Mixed Platforms.Build.0 = Release 3.5|Any CPU
		{F718E9A8-DB62-4785-8C49-4333A60D256A}.Release 3.5|Win32.ActiveCfg = Release 3.5|Any CPU
		{F718E9A8-DB62-4785-8C49-4333A60D256A}.Release 3.5|x86.ActiveCfg = Release 3.5|Any CPU
		{F718E9A8-DB62-4785-8C49-4333A60D256A}.Release|Any CPU.ActiveCfg = Release|Any CPU
		{F718E9A8-DB62-4785-8C49-4333A60D256A}.Release|Any CPU.Build.0 = Release|Any CPU
		{F718E9A8-DB62-4785-8C49-4333A60D256A}.Release|Mixed Platforms.ActiveCfg = Release|Any CPU
		{F718E9A8-DB62-4785-8C49-4333A60D256A}.Release|Mixed Platforms.Build.0 = Release|Any CPU
		{F718E9A8-DB62-4785-8C49-4333A60D256A}.Release|Win32.ActiveCfg = Release|Any CPU
		{F718E9A8-DB62-4785-8C49-4333A60D256A}.Release|x86.ActiveCfg = Release|Any CPU
		{FD8101DD-C95D-42D6-AD44-AE01C25F2811}.Debug|Any CPU.ActiveCfg = Debug|Any CPU
		{FD8101DD-C95D-42D6-AD44-AE01C25F2811}.Debug|Any CPU.Build.0 = Debug|Any CPU
		{FD8101DD-C95D-42D6-AD44-AE01C25F2811}.Debug|Mixed Platforms.ActiveCfg = Debug|Any CPU
		{FD8101DD-C95D-42D6-AD44-AE01C25F2811}.Debug|Mixed Platforms.Build.0 = Debug|Any CPU
		{FD8101DD-C95D-42D6-AD44-AE01C25F2811}.Debug|Win32.ActiveCfg = Debug|Any CPU
		{FD8101DD-C95D-42D6-AD44-AE01C25F2811}.Debug|x86.ActiveCfg = Debug|Any CPU
		{FD8101DD-C95D-42D6-AD44-AE01C25F2811}.Release 3.5|Any CPU.ActiveCfg = Release 3.5|Any CPU
		{FD8101DD-C95D-42D6-AD44-AE01C25F2811}.Release 3.5|Any CPU.Build.0 = Release 3.5|Any CPU
		{FD8101DD-C95D-42D6-AD44-AE01C25F2811}.Release 3.5|Mixed Platforms.ActiveCfg = Release 3.5|Any CPU
		{FD8101DD-C95D-42D6-AD44-AE01C25F2811}.Release 3.5|Mixed Platforms.Build.0 = Release 3.5|Any CPU
		{FD8101DD-C95D-42D6-AD44-AE01C25F2811}.Release 3.5|Win32.ActiveCfg = Release 3.5|Any CPU
		{FD8101DD-C95D-42D6-AD44-AE01C25F2811}.Release 3.5|x86.ActiveCfg = Release 3.5|Any CPU
		{FD8101DD-C95D-42D6-AD44-AE01C25F2811}.Release|Any CPU.ActiveCfg = Release|Any CPU
		{FD8101DD-C95D-42D6-AD44-AE01C25F2811}.Release|Any CPU.Build.0 = Release|Any CPU
		{FD8101DD-C95D-42D6-AD44-AE01C25F2811}.Release|Mixed Platforms.ActiveCfg = Release|Any CPU
		{FD8101DD-C95D-42D6-AD44-AE01C25F2811}.Release|Mixed Platforms.Build.0 = Release|Any CPU
		{FD8101DD-C95D-42D6-AD44-AE01C25F2811}.Release|Win32.ActiveCfg = Release|Any CPU
		{FD8101DD-C95D-42D6-AD44-AE01C25F2811}.Release|x86.ActiveCfg = Release|Any CPU
	EndGlobalSection
	GlobalSection(SolutionProperties) = preSolution
		HideSolutionNode = FALSE
	EndGlobalSection
EndGlobal
